{
  "lockfile_version": "1",
  "packages": {
    "gnumake@latest": {
      "last_modified": "2024-03-14T00:49:55Z",
      "resolved": "github:NixOS/nixpkgs/db001797591bf76f7b8d4c4ed3b49233391e0c97#gnumake",
      "source": "devbox-search",
      "version": "4.4.1",
      "systems": {
        "aarch64-darwin": {
          "store_path": "/nix/store/b4jbbx01f3n4r97g49jnxw3clf4p1szv-gnumake-4.4.1"
        },
        "aarch64-linux": {
          "store_path": "/nix/store/hfyyfn6h7cw2fvdc0jmpfigwi3rp7d2x-gnumake-4.4.1"
        },
        "x86_64-darwin": {
          "store_path": "/nix/store/ry772inn49ra4vmns2vg67bjpqv29j0k-gnumake-4.4.1"
        },
        "x86_64-linux": {
          "store_path": "/nix/store/0pkbh7939p7npr02ayama32pa389m5p7-gnumake-4.4.1"
        }
      }
    },
    "libvirt@latest": {
      "last_modified": "2024-07-05T12:16:31Z",
      "resolved": "github:NixOS/nixpkgs/4284c2b73c8bce4b46a6adf23e16d9e2ec8da4bb#libvirt",
      "source": "devbox-search",
      "version": "10.4.0",
      "systems": {
        "aarch64-darwin": {
          "outputs": [
            {
              "name": "out",
              "path": "/nix/store/d6p65dblbla966n8kz59mvp23i9biqpj-libvirt-10.4.0",
              "default": true
            }
          ],
          "store_path": "/nix/store/d6p65dblbla966n8kz59mvp23i9biqpj-libvirt-10.4.0"
        },
        "aarch64-linux": {
          "outputs": [
            {
              "name": "out",
              "path": "/nix/store/hbpxhxzzg4zfl5cnv2bychrwcrfvgd4c-libvirt-10.4.0",
              "default": true
            }
          ],
          "store_path": "/nix/store/hbpxhxzzg4zfl5cnv2bychrwcrfvgd4c-libvirt-10.4.0"
        },
        "x86_64-darwin": {
          "outputs": [
            {
              "name": "out",
              "path": "/nix/store/r4m754zzymaaivnd6j9vif808jp0c03h-libvirt-10.4.0",
              "default": true
            }
          ],
          "store_path": "/nix/store/r4m754zzymaaivnd6j9vif808jp0c03h-libvirt-10.4.0"
        },
        "x86_64-linux": {
          "outputs": [
            {
              "name": "out",
              "path": "/nix/store/j0aqrify3gbz6z24cyk809ylmwcwq71n-libvirt-10.4.0",
              "default": true
            }
          ],
          "store_path": "/nix/store/j0aqrify3gbz6z24cyk809ylmwcwq71n-libvirt-10.4.0"
        }
      }
    },
    "packer@latest": {
      "last_modified": "2024-07-07T07:43:47Z",
      "resolved": "github:NixOS/nixpkgs/b60793b86201040d9dee019a05089a9150d08b5b#packer",
      "source": "devbox-search",
      "version": "1.11.1",
      "systems": {
        "aarch64-darwin": {
          "outputs": [
            {
              "name": "out",
              "path": "/nix/store/rs3mkbf3y91malg96is3a1z8navldlar-packer-1.11.1",
              "default": true
            }
          ],
          "store_path": "/nix/store/rs3mkbf3y91malg96is3a1z8navldlar-packer-1.11.1"
        },
        "aarch64-linux": {
          "outputs": [
            {
              "name": "out",
              "path": "/nix/store/qfipn3i1cq5cqrs1v03qzanlrl7yjgbm-packer-1.11.1",
              "default": true
            }
          ],
          "store_path": "/nix/store/qfipn3i1cq5cqrs1v03qzanlrl7yjgbm-packer-1.11.1"
        },
        "x86_64-darwin": {
          "outputs": [
            {
              "name": "out",
              "path": "/nix/store/bx6xi4f1apr2h3xdhppx7xmrfkb3bafd-packer-1.11.1",
              "default": true
            }
          ],
          "store_path": "/nix/store/bx6xi4f1apr2h3xdhppx7xmrfkb3bafd-packer-1.11.1"
        },
        "x86_64-linux": {
          "outputs": [
            {
              "name": "out",
              "path": "/nix/store/75nayas0gbnfj1gglxjqbhkhrx5cqfj7-packer-1.11.1",
              "default": true
            }
          ],
          "store_path": "/nix/store/75nayas0gbnfj1gglxjqbhkhrx5cqfj7-packer-1.11.1"
        }
      }
    },
    "poetry@latest": {
      "last_modified": "2024-07-04T01:58:53Z",
      "plugin_version": "0.0.4",
      "resolved": "github:NixOS/nixpkgs/6842b061970bf96965d66fcc86a28e1f719aae95#poetry",
      "source": "devbox-search",
      "version": "1.8.3",
      "systems": {
        "aarch64-darwin": {
          "outputs": [
            {
              "name": "out",
              "path": "/nix/store/nwmfr91794p1lsp673a4f8xl4xy37ymh-python3.11-poetry-1.8.3",
              "default": true
            },
            {
              "name": "dist",
              "path": "/nix/store/skjh00paywxk2apacdmf3rwhljn5raz8-python3.11-poetry-1.8.3-dist"
            }
          ],
          "store_path": "/nix/store/nwmfr91794p1lsp673a4f8xl4xy37ymh-python3.11-poetry-1.8.3"
        },
        "aarch64-linux": {
          "outputs": [
            {
              "name": "out",
              "path": "/nix/store/q00xb8ghi9yhcsyxhb3cy0l36rv61j5j-python3.11-poetry-1.8.3",
              "default": true
            },
            {
              "name": "dist",
              "path": "/nix/store/d68msdq1rlxjv0wcdlaz9n8zm8lzk0ja-python3.11-poetry-1.8.3-dist"
            }
          ],
          "store_path": "/nix/store/q00xb8ghi9yhcsyxhb3cy0l36rv61j5j-python3.11-poetry-1.8.3"
        },
        "x86_64-darwin": {
          "outputs": [
            {
              "name": "out",
              "path": "/nix/store/2nrg5f93z40sc9gnp95pykif6845jp21-python3.11-poetry-1.8.3",
              "default": true
            },
            {
              "name": "dist",
              "path": "/nix/store/xwccywrm4vyls4bq2y1rv05r3vvzdhrd-python3.11-poetry-1.8.3-dist"
            }
          ],
          "store_path": "/nix/store/2nrg5f93z40sc9gnp95pykif6845jp21-python3.11-poetry-1.8.3"
        },
        "x86_64-linux": {
          "outputs": [
            {
              "name": "out",
              "path": "/nix/store/d5kk5lb785s6kf03i1ja7v7pr2ixnqxd-python3.11-poetry-1.8.3",
              "default": true
            },
            {
              "name": "dist",
              "path": "/nix/store/9b2p6dicyy1iibpsbb8k3sgh1gvi7n3b-python3.11-poetry-1.8.3-dist"
            }
          ],
          "store_path": "/nix/store/d5kk5lb785s6kf03i1ja7v7pr2ixnqxd-python3.11-poetry-1.8.3"
        }
      }
    },
    "qemu_kvm@latest": {
      "last_modified": "2024-03-12T22:50:12Z",
      "resolved": "github:NixOS/nixpkgs/73bf415737ceb66a6298f806f600cfe4dccd0a41#qemu_kvm",
      "source": "devbox-search",
      "version": "8.2.2",
      "systems": {
        "aarch64-darwin": {
          "store_path": "/nix/store/mp55r5dh4pahx5if7al8gkbrrqag6gq5-qemu-host-cpu-only-8.2.2"
        },
        "aarch64-linux": {
          "store_path": "/nix/store/121h68z4lfsg0zkl7cl6aqs6cm8mk3d8-qemu-host-cpu-only-8.2.2"
        },
        "x86_64-darwin": {
          "store_path": "/nix/store/1cnwxx7k5r6jksx3vn13jcivfqzihw31-qemu-host-cpu-only-8.2.2"
        },
        "x86_64-linux": {
          "store_path": "/nix/store/hb3zh2dk3rxpsdy51ik52iwprfirsr7y-qemu-host-cpu-only-8.2.2"
        }
      }
    },
    "sshocker@latest": {
      "last_modified": "2024-06-12T20:55:33Z",
      "resolved": "github:NixOS/nixpkgs/a9858885e197f984d92d7fe64e9fff6b2e488d40#sshocker",
      "source": "devbox-search",
      "version": "0.3.4",
      "systems": {
        "aarch64-darwin": {
          "outputs": [
            {
              "name": "out",
              "path": "/nix/store/a8byl42im52m1w6wzh68wm2i6d58mvvd-sshocker-0.3.4",
              "default": true
            }
          ],
          "store_path": "/nix/store/a8byl42im52m1w6wzh68wm2i6d58mvvd-sshocker-0.3.4"
        },
        "aarch64-linux": {
          "outputs": [
            {
              "name": "out",
              "path": "/nix/store/0qv1kmzvk7v8v7mj22q28spyas9ni20w-sshocker-0.3.4",
              "default": true
            }
          ],
          "store_path": "/nix/store/0qv1kmzvk7v8v7mj22q28spyas9ni20w-sshocker-0.3.4"
        },
        "x86_64-darwin": {
          "outputs": [
            {
              "name": "out",
              "path": "/nix/store/sxh1pfd31214zpksls020dfwgiw4byzz-sshocker-0.3.4",
              "default": true
            }
          ],
          "store_path": "/nix/store/sxh1pfd31214zpksls020dfwgiw4byzz-sshocker-0.3.4"
        },
        "x86_64-linux": {
          "outputs": [
            {
              "name": "out",
              "path": "/nix/store/p46cif6a1193780if543fpwcw85rh3lc-sshocker-0.3.4",
              "default": true
            }
          ],
          "store_path": "/nix/store/p46cif6a1193780if543fpwcw85rh3lc-sshocker-0.3.4"
        }
      }
    },
    "virt-manager@latest": {
      "last_modified": "2024-07-07T16:08:25Z",
      "resolved": "github:NixOS/nixpkgs/ab82a9612aa45284d4adf69ee81871a389669a9e#virt-manager",
      "source": "devbox-search",
      "version": "4.1.0",
      "systems": {
        "aarch64-darwin": {
          "outputs": [
            {
              "name": "out",
              "path": "/nix/store/c7gnr5aimh01vfzw583lqn96b6f451yp-virt-manager-4.1.0",
              "default": true
            },
            {
              "name": "dist",
              "path": "/nix/store/fbkcy2r0f8l1nyik87gnn8wz13xxba6n-virt-manager-4.1.0-dist"
            }
          ],
          "store_path": "/nix/store/c7gnr5aimh01vfzw583lqn96b6f451yp-virt-manager-4.1.0"
        },
        "aarch64-linux": {
          "outputs": [
            {
              "name": "out",
              "path": "/nix/store/iw4mw475d68p70axrh9pvish8nz5j3av-virt-manager-4.1.0",
              "default": true
            },
            {
              "name": "dist",
              "path": "/nix/store/c8v5hp4dkylmpmbxf6kc39qdm1qn3nm6-virt-manager-4.1.0-dist"
            }
          ],
          "store_path": "/nix/store/iw4mw475d68p70axrh9pvish8nz5j3av-virt-manager-4.1.0"
        },
        "x86_64-darwin": {
          "outputs": [
            {
              "name": "out",
              "path": "/nix/store/s8v8p8rbi0ql72sxhlsbpsplff2a8r3k-virt-manager-4.1.0",
              "default": true
            },
            {
              "name": "dist",
              "path": "/nix/store/0ck1mjf4vnxcxq6zizx0c9w140rhsmmv-virt-manager-4.1.0-dist"
            }
          ],
          "store_path": "/nix/store/s8v8p8rbi0ql72sxhlsbpsplff2a8r3k-virt-manager-4.1.0"
        },
        "x86_64-linux": {
          "outputs": [
            {
              "name": "out",
              "path": "/nix/store/pgkirsdsanmll1plj8q8xkiz4wsmjkfl-virt-manager-4.1.0",
              "default": true
            },
            {
              "name": "dist",
              "path": "/nix/store/kp21j302g3zf1f4v5ahsig69g6s5m401-virt-manager-4.1.0-dist"
            }
          ],
          "store_path": "/nix/store/pgkirsdsanmll1plj8q8xkiz4wsmjkfl-virt-manager-4.1.0"
        }
      }
    },
    "virt-viewer@latest": {
      "last_modified": "2024-07-05T12:16:31Z",
      "resolved": "github:NixOS/nixpkgs/4284c2b73c8bce4b46a6adf23e16d9e2ec8da4bb#virt-viewer",
      "source": "devbox-search",
      "version": "11.0",
      "systems": {
        "aarch64-darwin": {
          "outputs": [
            {
              "name": "out",
              "path": "/nix/store/qbdncy7ay8qlrh0pb0p546bzzp8zkfsb-virt-viewer-11.0",
              "default": true
            }
          ],
          "store_path": "/nix/store/qbdncy7ay8qlrh0pb0p546bzzp8zkfsb-virt-viewer-11.0"
        },
        "aarch64-linux": {
          "outputs": [
            {
              "name": "out",
              "path": "/nix/store/nk8ibkp8zrwhhirh5wyz2xq4svawqdqm-virt-viewer-11.0",
              "default": true
            }
          ],
          "store_path": "/nix/store/nk8ibkp8zrwhhirh5wyz2xq4svawqdqm-virt-viewer-11.0"
        },
        "x86_64-darwin": {
          "outputs": [
            {
              "name": "out",
              "path": "/nix/store/mlgxlvq1m2g9991gygnsd8xplrfk9g6j-virt-viewer-11.0",
              "default": true
            }
          ],
          "store_path": "/nix/store/mlgxlvq1m2g9991gygnsd8xplrfk9g6j-virt-viewer-11.0"
        },
        "x86_64-linux": {
          "outputs": [
            {
              "name": "out",
              "path": "/nix/store/i7fbf3pvmj472j62wcnx0s85k3w566rq-virt-viewer-11.0",
              "default": true
            }
          ],
          "store_path": "/nix/store/i7fbf3pvmj472j62wcnx0s85k3w566rq-virt-viewer-11.0"
        }
      }
    },
    "yq-go@latest": {
      "last_modified": "2024-07-07T16:08:25Z",
      "resolved": "github:NixOS/nixpkgs/ab82a9612aa45284d4adf69ee81871a389669a9e#yq-go",
      "source": "devbox-search",
      "version": "4.44.2",
      "systems": {
        "aarch64-darwin": {
          "outputs": [
            {
              "name": "out",
              "path": "/nix/store/9ligkp5qi70iw6fkbvwndd4i0q7wsnnm-yq-go-4.44.2",
              "default": true
            }
          ],
          "store_path": "/nix/store/9ligkp5qi70iw6fkbvwndd4i0q7wsnnm-yq-go-4.44.2"
        },
        "aarch64-linux": {
          "outputs": [
            {
              "name": "out",
              "path": "/nix/store/j7q1m9plx6dz6yhqakvm55gdssy9mm77-yq-go-4.44.2",
              "default": true
            }
          ],
          "store_path": "/nix/store/j7q1m9plx6dz6yhqakvm55gdssy9mm77-yq-go-4.44.2"
        },
        "x86_64-darwin": {
          "outputs": [
            {
              "name": "out",
              "path": "/nix/store/mjf8z70gc0yd7df26rb685jcrabpv1ai-yq-go-4.44.2",
              "default": true
            }
          ],
          "store_path": "/nix/store/mjf8z70gc0yd7df26rb685jcrabpv1ai-yq-go-4.44.2"
        },
        "x86_64-linux": {
          "outputs": [
            {
              "name": "out",
              "path": "/nix/store/5acb6ayzsgd0s19ic88rgn6x7xaygffn-yq-go-4.44.2",
              "default": true
            }
          ],
          "store_path": "/nix/store/5acb6ayzsgd0s19ic88rgn6x7xaygffn-yq-go-4.44.2"
        }
      }
    }
  }
}
